{
  "name": "hydejack",
  "version": "6.4.0",
  "lockfileVersion": 1,
  "requires": true,
  "dependencies": {
    "ajv": {
      "version": "4.11.8",
      "resolved": "https://registry.npmjs.org/ajv/-/ajv-4.11.8.tgz",
      "integrity": "sha1-gv+wKynmYq5TvcIK8VlHcGc5xTY=",
      "dev": true,
      "dependencies": {
        "json-stable-stringify": {
          "version": "1.0.1",
          "resolved": "https://registry.npmjs.org/json-stable-stringify/-/json-stable-stringify-1.0.1.tgz",
          "integrity": "sha1-mnWdOcXy/1A/1TAGRu1EX4jE+a8="
        }
      }
    },
    "ajv-keywords": {
      "version": "1.5.1",
      "resolved": "https://registry.npmjs.org/ajv-keywords/-/ajv-keywords-1.5.1.tgz",
      "integrity": "sha1-MU3QpLM2j609/NxU7eYXG4htrzw=",
      "dev": true
    },
    "ansi-escapes": {
      "version": "1.4.0",
      "resolved": "https://registry.npmjs.org/ansi-escapes/-/ansi-escapes-1.4.0.tgz",
      "integrity": "sha1-06ioOzGapneTZisT52HHkRQiMG4=",
      "dev": true
    },
    "ansi-regex": {
      "version": "2.1.1",
      "resolved": "https://registry.npmjs.org/ansi-regex/-/ansi-regex-2.1.1.tgz",
      "integrity": "sha1-w7M6te42DYbg5ijwRorn7yfWVN8=",
      "dev": true
    },
    "babel-code-frame": {
      "version": "6.22.0",
      "resolved": "https://registry.npmjs.org/babel-code-frame/-/babel-code-frame-6.22.0.tgz",
      "integrity": "sha1-AnYgvuVnqIwyVhV05/0IAdMxGOQ=",
      "dev": true
    },
    "babel-eslint": {
      "version": "7.2.3",
      "resolved": "https://registry.npmjs.org/babel-eslint/-/babel-eslint-7.2.3.tgz",
      "integrity": "sha1-sv4tgBJkcPXBlELcdXJTqJdxCCc=",
      "dev": true
    },
    "babel-plugin-transform-es2015-modules-commonjs": {
      "version": "6.24.1",
      "resolved": "https://registry.npmjs.org/babel-plugin-transform-es2015-modules-commonjs/-/babel-plugin-transform-es2015-modules-commonjs-6.24.1.tgz",
      "integrity": "sha1-0+MQtA72ZKNmIiAAl8bUQCmPK/4=",
      "dev": true
    },
    "babel-plugin-transform-function-bind": {
      "version": "6.22.0",
      "resolved": "https://registry.npmjs.org/babel-plugin-transform-function-bind/-/babel-plugin-transform-function-bind-6.22.0.tgz",
      "integrity": "sha1-xvuOlqwpajELjPjqQBRiQH3fapc=",
      "dev": true
    },
    "babel-preset-es2015": {
      "version": "6.24.1",
      "resolved": "https://registry.npmjs.org/babel-preset-es2015/-/babel-preset-es2015-6.24.1.tgz",
      "integrity": "sha1-1EBQ1rwsn+6nAqrzjXJ6AhBTiTk=",
      "dev": true
    },
    "babel-preset-es2016": {
      "version": "6.24.1",
      "resolved": "https://registry.npmjs.org/babel-preset-es2016/-/babel-preset-es2016-6.24.1.tgz",
      "integrity": "sha1-+QC/k+LrwNJ235uKtZck6/2Vn4s=",
      "dev": true
    },
    "babelify": {
      "version": "7.3.0",
      "resolved": "https://registry.npmjs.org/babelify/-/babelify-7.3.0.tgz",
      "integrity": "sha1-qlau3nBn/XvVSWZu4W3ChQh+iOU=",
      "dev": true
    },
    "browserify": {
      "version": "14.4.0",
      "resolved": "https://registry.npmjs.org/browserify/-/browserify-14.4.0.tgz",
      "integrity": "sha1-CJo0Y69Y0OSNjNQHCz90ZU1avKk=",
      "dev": true
    },
    "chalk": {
      "version": "1.1.3",
      "resolved": "https://registry.npmjs.org/chalk/-/chalk-1.1.3.tgz",
      "integrity": "sha1-qBFcVeSnAv5NFQq9OHKCKn4J/Jg=",
      "dev": true
    },
    "cli-cursor": {
      "version": "1.0.2",
      "resolved": "https://registry.npmjs.org/cli-cursor/-/cli-cursor-1.0.2.tgz",
      "integrity": "sha1-ZNo/fValRBLll5S9Ytw1KV6PKYc=",
      "dev": true,
      "requires": {
        "restore-cursor": "^1.0.1"
      }
    },
    "cli-width": {
      "version": "2.1.0",
      "resolved": "https://registry.npmjs.org/cli-width/-/cli-width-2.1.0.tgz",
      "integrity": "sha1-sjTKIJsp72b8UY2bmNWEewDt8Ao=",
      "dev": true
    },
    "code-point-at": {
      "version": "1.1.0",
      "resolved": "https://registry.npmjs.org/code-point-at/-/code-point-at-1.1.0.tgz",
      "integrity": "sha1-DQcLTQQ6W+ozovGkDi7bPZpMz3c=",
      "dev": true
    },
    "color": {
      "version": "1.0.3",
      "resolved": "https://registry.npmjs.org/color/-/color-1.0.3.tgz",
      "integrity": "sha1-5I6DLYXxTvaU+0aIEcLVz+cptV0="
    },
    "commander": {
      "version": "2.9.0",
      "resolved": "https://registry.npmjs.org/commander/-/commander-2.9.0.tgz",
      "integrity": "sha1-nJkJQXbhIkDLItbFFGCYQA/g99Q=",
      "dev": true
    },
    "concat-stream": {
      "version": "1.5.2",
      "resolved": "https://registry.npmjs.org/concat-stream/-/concat-stream-1.5.2.tgz",
      "integrity": "sha1-cIl4Yk2FavQaWnQd790mHadSwmY=",
      "dev": true,
      "dependencies": {
        "readable-stream": {
          "version": "2.0.6",
          "resolved": "https://registry.npmjs.org/readable-stream/-/readable-stream-2.0.6.tgz",
          "integrity": "sha1-j5A0HmilPMySh4jaz80Rs265t44="
        },
        "string_decoder": {
          "version": "0.10.31",
          "resolved": "https://registry.npmjs.org/string_decoder/-/string_decoder-0.10.31.tgz",
          "integrity": "sha1-YuIDvEF2bGwoyfyEMB2rHFMQ+pQ="
        }
      }
    },
    "core-js": {
      "version": "2.4.1",
      "resolved": "https://registry.npmjs.org/core-js/-/core-js-2.4.1.tgz",
      "integrity": "sha1-TekR5mew6ukSTjQlS1OupvxhjT4="
    },
    "cross-env": {
      "version": "5.0.1",
      "resolved": "https://registry.npmjs.org/cross-env/-/cross-env-5.0.1.tgz",
      "integrity": "sha1-/05y6kO0faJIa0On8gQ7JgnkSRM=",
      "dev": true
    },
    "debug": {
      "version": "2.6.9",
      "resolved": "https://registry.npmjs.org/debug/-/debug-2.6.9.tgz",
      "integrity": "sha1-5zFTHKLt4n0YgiJCfaF4IdaP9Pw=",
      "dev": true
    },
    "doctrine": {
      "version": "2.0.0",
      "resolved": "https://registry.npmjs.org/doctrine/-/doctrine-2.0.0.tgz",
      "integrity": "sha1-xz2NKQnSIpHhoAejlYBNqLZl/mM=",
      "dev": true
    },
    "elem-dataset": {
      "version": "1.1.1",
      "resolved": "https://registry.npmjs.org/elem-dataset/-/elem-dataset-1.1.1.tgz",
      "integrity": "sha1-GPB/p/xx69SbD59jgZywPIJ2V3o="
    },
    "escape-string-regexp": {
      "version": "1.0.5",
      "resolved": "https://registry.npmjs.org/escape-string-regexp/-/escape-string-regexp-1.0.5.tgz",
      "integrity": "sha1-G2HAViGQqN/2rjuyzwIAyhMLhtQ=",
      "dev": true
    },
    "escope": {
      "version": "3.6.0",
      "resolved": "https://registry.npmjs.org/escope/-/escope-3.6.0.tgz",
      "integrity": "sha1-4Bl16BJ4GhY6ba392AOY3GTIicM=",
      "dev": true
    },
    "eslint": {
      "version": "3.19.0",
      "resolved": "https://registry.npmjs.org/eslint/-/eslint-3.19.0.tgz",
      "integrity": "sha1-yPxiAcf0DdCJQbh8CFdnOGpnmsw=",
      "dev": true,
      "requires": {
        "babel-code-frame": "^6.16.0",
        "chalk": "^1.1.3",
        "concat-stream": "^1.5.2",
        "debug": "^2.1.1",
        "doctrine": "^2.0.0",
        "escope": "^3.6.0",
        "espree": "^3.4.0",
        "esquery": "^1.0.0",
        "estraverse": "^4.2.0",
        "esutils": "^2.0.2",
        "file-entry-cache": "^2.0.0",
        "glob": "^7.0.3",
        "globals": "^9.14.0",
        "ignore": "^3.2.0",
        "imurmurhash": "^0.1.4",
        "inquirer": "^0.12.0",
        "is-my-json-valid": "^2.10.0",
        "is-resolvable": "^1.0.0",
        "js-yaml": "^3.5.1",
        "json-stable-stringify": "^1.0.0",
        "levn": "^0.3.0",
        "lodash": "^4.0.0",
        "mkdirp": "^0.5.0",
        "natural-compare": "^1.4.0",
        "optionator": "^0.8.2",
        "path-is-inside": "^1.0.1",
        "pluralize": "^1.2.1",
        "progress": "^1.1.8",
        "require-uncached": "^1.0.2",
        "shelljs": "^0.7.5",
        "strip-bom": "^3.0.0",
        "strip-json-comments": "~2.0.1",
        "table": "^3.7.8",
        "text-table": "~0.2.0",
        "user-home": "^2.0.0"
      },
      "dependencies": {
        "json-stable-stringify": {
          "version": "1.0.1",
          "resolved": "https://registry.npmjs.org/json-stable-stringify/-/json-stable-stringify-1.0.1.tgz",
          "integrity": "sha1-mnWdOcXy/1A/1TAGRu1EX4jE+a8=",
          "dev": true,
          "requires": {
            "jsonify": "~0.0.0"
          }
        }
      }
    },
    "eslint-config-airbnb": {
      "version": "15.0.1",
      "resolved": "https://registry.npmjs.org/eslint-config-airbnb/-/eslint-config-airbnb-15.0.1.tgz",
      "integrity": "sha1-e1GI5bfHS5ss5jn9Xh2rqP12Gu0=",
      "dev": true
    },
    "eslint-plugin-import": {
      "version": "2.3.0",
      "resolved": "https://registry.npmjs.org/eslint-plugin-import/-/eslint-plugin-import-2.3.0.tgz",
      "integrity": "sha1-N8gB4K2g4pbL3yDD85OstbUq82s=",
      "dev": true,
      "dependencies": {
        "doctrine": {
          "version": "1.5.0",
          "resolved": "https://registry.npmjs.org/doctrine/-/doctrine-1.5.0.tgz",
          "integrity": "sha1-N53Ocw9hZvds76TmcHoVmwLFpvo="
        }
      }
    },
    "eslint-plugin-jsx-a11y": {
      "version": "5.0.3",
      "resolved": "https://registry.npmjs.org/eslint-plugin-jsx-a11y/-/eslint-plugin-jsx-a11y-5.0.3.tgz",
      "integrity": "sha1-SpOfduwSUBBSiCMzG/lIzFczgLY=",
      "dev": true
    },
    "eslint-plugin-react": {
      "version": "7.1.0",
      "resolved": "https://registry.npmjs.org/eslint-plugin-react/-/eslint-plugin-react-7.1.0.tgz",
      "integrity": "sha1-J3cKzzn1/UnNCvQIPOWBBOs5DUw=",
      "dev": true
    },
    "espree": {
      "version": "3.4.3",
      "resolved": "https://registry.npmjs.org/espree/-/espree-3.4.3.tgz",
      "integrity": "sha1-KRC1zNSc6JPC//+qtP2LOjG4I3Q=",
      "dev": true,
      "dependencies": {
        "acorn": {
          "version": "5.0.3",
          "resolved": "https://registry.npmjs.org/acorn/-/acorn-5.0.3.tgz",
          "integrity": "sha1-xGDfCEkUY/AozLguqzcwvwEIez0="
        }
      }
    },
    "esquery": {
      "version": "1.0.0",
      "resolved": "https://registry.npmjs.org/esquery/-/esquery-1.0.0.tgz",
      "integrity": "sha1-z7qLV9f7qT8XKYqKAGoEzaE9gPo=",
      "dev": true
    },
    "estraverse": {
      "version": "4.2.0",
      "resolved": "https://registry.npmjs.org/estraverse/-/estraverse-4.2.0.tgz",
      "integrity": "sha1-De4/7TH81GlhjOc0IJn8GvoL2xM=",
      "dev": true
    },
    "esutils": {
      "version": "2.0.2",
      "resolved": "https://registry.npmjs.org/esutils/-/esutils-2.0.2.tgz",
      "integrity": "sha1-Cr9PHKpbyx96nYrMbepPqqBLrJs=",
      "dev": true
    },
    "exit-hook": {
      "version": "1.1.1",
      "resolved": "https://registry.npmjs.org/exit-hook/-/exit-hook-1.1.1.tgz",
      "integrity": "sha1-8FyiM7SMBdVP/wd2XfhQfpXAL/g=",
      "dev": true
    },
    "figures": {
      "version": "1.7.0",
      "resolved": "https://registry.npmjs.org/figures/-/figures-1.7.0.tgz",
      "integrity": "sha1-y+Hjr/zxzUS4DK3+0o3Hk6lwHS4=",
      "dev": true,
      "requires": {
        "escape-string-regexp": "^1.0.5",
        "object-assign": "^4.1.0"
      }
    },
    "file-entry-cache": {
      "version": "2.0.0",
      "resolved": "https://registry.npmjs.org/file-entry-cache/-/file-entry-cache-2.0.0.tgz",
      "integrity": "sha1-w5KZDD5oR4PYOLjISkXYoEhFg2E=",
      "dev": true
    },
    "glob": {
      "version": "7.1.2",
      "resolved": "https://registry.npmjs.org/glob/-/glob-7.1.2.tgz",
      "integrity": "sha512-MJTUg1kjuLeQCJ+ccE4Vpa6kKVXkPYJ2mOCQyUuKLcLQsdrMCpBPUi8qVE6+YuaJkozeA9NusTAw3hLr8Xe5EQ==",
      "dev": true
    },
    "globals": {
      "version": "9.18.0",
      "resolved": "https://registry.npmjs.org/globals/-/globals-9.18.0.tgz",
      "integrity": "sha512-S0nG3CLEQiY/ILxqtztTWH/3iRRdyBLw6KMDxnKMchrtbj2OFmehVh0WUCfW3DUrIgx/qFrJPICrq4Z4sTR9UQ==",
      "dev": true
    },
    "ignore": {
      "version": "3.3.3",
      "resolved": "https://registry.npmjs.org/ignore/-/ignore-3.3.3.tgz",
      "integrity": "sha1-QyNS5XrM2HqzEQ6C0/6g5HgSFW0=",
      "dev": true
    },
    "imurmurhash": {
      "version": "0.1.4",
      "resolved": "https://registry.npmjs.org/imurmurhash/-/imurmurhash-0.1.4.tgz",
      "integrity": "sha1-khi5srkoojixPcT7a21XbyMUU+o=",
      "dev": true
    },
    "inquirer": {
      "version": "0.12.0",
      "resolved": "https://registry.npmjs.org/inquirer/-/inquirer-0.12.0.tgz",
      "integrity": "sha1-HvK/1jUE3wvHV4X/+MLEHfEvB34=",
      "dev": true,
      "requires": {
        "ansi-escapes": "^1.1.0",
        "ansi-regex": "^2.0.0",
        "chalk": "^1.0.0",
        "cli-cursor": "^1.0.1",
        "cli-width": "^2.0.0",
        "figures": "^1.3.5",
        "lodash": "^4.3.0",
        "readline2": "^1.0.1",
        "run-async": "^0.1.0",
        "rx-lite": "^3.1.2",
        "string-width": "^1.0.1",
        "strip-ansi": "^3.0.0",
        "through": "^2.3.6"
      }
    },
    "is-fullwidth-code-point": {
      "version": "1.0.0",
      "resolved": "https://registry.npmjs.org/is-fullwidth-code-point/-/is-fullwidth-code-point-1.0.0.tgz",
      "integrity": "sha1-754xOG8DGn8NZDr4L95QxFfvAMs=",
      "dev": true,
      "requires": {
        "number-is-nan": "^1.0.0"
      }
    },
    "is-my-json-valid": {
      "version": "2.17.2",
      "resolved": "https://registry.npmjs.org/is-my-json-valid/-/is-my-json-valid-2.17.2.tgz",
      "integrity": "sha1-8Hndm/2uZe4gOKrorLyGqxCeNpM=",
      "dev": true
    },
    "is-resolvable": {
      "version": "1.0.0",
      "resolved": "https://registry.npmjs.org/is-resolvable/-/is-resolvable-1.0.0.tgz",
      "integrity": "sha1-jfV8YeouPFAUCNEA+wE8+NbgzGI=",
      "dev": true
    },
    "js-yaml": {
      "version": "3.13.1",
      "resolved": "https://registry.npmjs.org/js-yaml/-/js-yaml-3.13.1.tgz",
      "integrity": "sha1-UgtFZPhlc7qWZir4Woyvp7S1pvY=",
      "dev": true
    },
    "json2yaml": {
      "version": "1.1.0",
      "resolved": "https://registry.npmjs.org/json2yaml/-/json2yaml-1.1.0.tgz",
      "integrity": "sha1-VBTZB/mBZYa4DFE+wuOusquBmmw=",
      "dev": true
    },
    "jsonify": {
      "version": "0.0.0",
      "resolved": "https://registry.npmjs.org/jsonify/-/jsonify-0.0.0.tgz",
      "integrity": "sha1-LHS27kHZPKUbe1qu6PUDYx0lKnM=",
      "dev": true
    },
    "katex": {
      "version": "0.7.1",
      "resolved": "https://registry.npmjs.org/katex/-/katex-0.7.1.tgz",
      "integrity": "sha1-BrtSmO+tBeHnIoA1uo4VkfMGG48="
    },
    "levn": {
      "version": "0.3.0",
      "resolved": "https://registry.npmjs.org/levn/-/levn-0.3.0.tgz",
      "integrity": "sha1-OwmSTt+fCDwEkP3UwLxEIeBHZO4=",
      "dev": true
    },
    "lodash": {
      "version": "4.17.21",
      "resolved": "https://registry.npmjs.org/lodash/-/lodash-4.17.21.tgz",
      "integrity": "sha512-v2kDEe57lecTulaDIuNTPy3Ry4gLGJ6Z1O3vE1krgXZNrsQ+LFTGHVxVjcXPs17LhbZVGedAJv8XZ1tvj5FvSg==",
      "dev": true
    },
    "mkdirp": {
      "version": "0.5.1",
      "resolved": "https://registry.npmjs.org/mkdirp/-/mkdirp-0.5.1.tgz",
      "integrity": "sha1-MAV0OOrGz3+MR2fzhkjWaX11yQM=",
      "dev": true
    },
    "natural-compare": {
      "version": "1.4.0",
      "resolved": "https://registry.npmjs.org/natural-compare/-/natural-compare-1.4.0.tgz",
      "integrity": "sha1-Sr6/7tdUHywnrPspvbvRXI1bpPc=",
      "dev": true
    },
    "number-is-nan": {
      "version": "1.0.1",
      "resolved": "https://registry.npmjs.org/number-is-nan/-/number-is-nan-1.0.1.tgz",
      "integrity": "sha1-CXtgK1NCKlIsGvuHkDGDNpQaAR0=",
      "dev": true
    },
    "object-assign": {
      "version": "4.1.1",
      "resolved": "https://registry.npmjs.org/object-assign/-/object-assign-4.1.1.tgz",
      "integrity": "sha1-IQmtx5ZYh8/AXLvUQsrIv7s2CGM=",
      "dev": true
    },
    "once": {
      "version": "1.4.0",
      "resolved": "https://registry.npmjs.org/once/-/once-1.4.0.tgz",
      "integrity": "sha1-WDsap3WWHUsROsF9nFC6753Xa9E=",
      "dev": true
    },
    "onetime": {
      "version": "1.1.0",
      "resolved": "https://registry.npmjs.org/onetime/-/onetime-1.1.0.tgz",
      "integrity": "sha1-ofeDj4MUxRbwXs78vEzP4EtO14k=",
      "dev": true
    },
    "optionator": {
      "version": "0.8.2",
      "resolved": "https://registry.npmjs.org/optionator/-/optionator-0.8.2.tgz",
      "integrity": "sha1-NkxeQJ0/TWMB1sC0wFu6UBgK62Q=",
      "dev": true
    },
    "path-is-inside": {
      "version": "1.0.2",
      "resolved": "https://registry.npmjs.org/path-is-inside/-/path-is-inside-1.0.2.tgz",
      "integrity": "sha1-NlQX3t5EQw0cEa9hAn+s8HS9/FM=",
      "dev": true
    },
    "pluralize": {
      "version": "1.2.1",
      "resolved": "https://registry.npmjs.org/pluralize/-/pluralize-1.2.1.tgz",
      "integrity": "sha1-0aIUg/0iu0HlihL6NCGCMUCJfEU=",
      "dev": true
    },
    "progress": {
      "version": "1.1.8",
      "resolved": "https://registry.npmjs.org/progress/-/progress-1.1.8.tgz",
      "integrity": "sha1-4mDHj2Fhzdmw5WzD4Khd4Xx6V74=",
      "dev": true
    },
    "readline2": {
      "version": "1.0.1",
      "resolved": "https://registry.npmjs.org/readline2/-/readline2-1.0.1.tgz",
      "integrity": "sha1-QQWWCP/BVHV7cV2ZidGZ/783LjU=",
      "dev": true,
      "dependencies": {
        "is-fullwidth-code-point": {
          "version": "1.0.0",
          "resolved": "https://registry.npmjs.org/is-fullwidth-code-point/-/is-fullwidth-code-point-1.0.0.tgz",
          "integrity": "sha1-754xOG8DGn8NZDr4L95QxFfvAMs="
        },
        "mute-stream": {
          "version": "0.0.5",
          "resolved": "https://registry.npmjs.org/mute-stream/-/mute-stream-0.0.5.tgz",
          "integrity": "sha1-j7+rsKmKJT0xhDMfno3rc3L6xsA="
        }
      }
    },
    "require-uncached": {
      "version": "1.0.3",
      "resolved": "https://registry.npmjs.org/require-uncached/-/require-uncached-1.0.3.tgz",
      "integrity": "sha1-Tg1W1slmL9MeQwEcS5WqSZVUIdM=",
      "dev": true
    },
    "restore-cursor": {
      "version": "1.0.1",
      "resolved": "https://registry.npmjs.org/restore-cursor/-/restore-cursor-1.0.1.tgz",
      "integrity": "sha1-NGYfRohjJ/7SmRR5FSJS35LapUE=",
      "dev": true,
      "requires": {
        "exit-hook": "^1.0.0",
        "onetime": "^1.0.0"
      }
    },
    "run-async": {
      "version": "0.1.0",
      "resolved": "https://registry.npmjs.org/run-async/-/run-async-0.1.0.tgz",
      "integrity": "sha1-yK1KXhEGYeQCp9IbUw4AnyX444k=",
      "dev": true,
      "requires": {
        "once": "^1.3.0"
      }
    },
    "rx-lite": {
      "version": "3.1.2",
      "resolved": "https://registry.npmjs.org/rx-lite/-/rx-lite-3.1.2.tgz",
      "integrity": "sha1-Gc5QLKVyZl87ZHsQk5+X/RYV8QI=",
      "dev": true
    },
    "rxjs": {
      "version": "5.4.1",
      "resolved": "https://registry.npmjs.org/rxjs/-/rxjs-5.4.1.tgz",
      "integrity": "sha1-ti91fyeURdJloYpY+wpw3JDpFiY="
    },
    "shelljs": {
      "version": "0.7.8",
      "resolved": "https://registry.npmjs.org/shelljs/-/shelljs-0.7.8.tgz",
      "integrity": "sha1-3svPh0sNHl+3LhSxZKloMEjprLM=",
      "dev": true
    },
    "slice-ansi": {
      "version": "0.0.4",
      "resolved": "https://registry.npmjs.org/slice-ansi/-/slice-ansi-0.0.4.tgz",
      "integrity": "sha1-7b+JA/ZvfOL46v1s7tZeJkyDGzU=",
      "dev": true
    },
    "source-map": {
      "version": "0.5.6",
      "resolved": "https://registry.npmjs.org/source-map/-/source-map-0.5.6.tgz",
      "integrity": "sha1-dc449SvwczxafwwRjYEzSiu19BI=",
      "dev": true
    },
    "string-width": {
      "version": "1.0.2",
      "resolved": "https://registry.npmjs.org/string-width/-/string-width-1.0.2.tgz",
      "integrity": "sha1-EYvfW4zcUaKn5w0hHgfisLmxB9M=",
      "dev": true,
      "requires": {
        "code-point-at": "^1.0.0",
        "is-fullwidth-code-point": "^1.0.0",
        "strip-ansi": "^3.0.0"
      }
    },
    "strip-ansi": {
      "version": "3.0.1",
      "resolved": "https://registry.npmjs.org/strip-ansi/-/strip-ansi-3.0.1.tgz",
      "integrity": "sha1-ajhfuIU9lS1f8F0Oiq+UJ43GPc8=",
      "dev": true
    },
    "strip-bom": {
      "version": "3.0.0",
      "resolved": "https://registry.npmjs.org/strip-bom/-/strip-bom-3.0.0.tgz",
      "integrity": "sha1-IzTBjpx1n3vdVv3vfprj1YjmjtM=",
      "dev": true
    },
    "strip-json-comments": {
      "version": "2.0.1",
      "resolved": "https://registry.npmjs.org/strip-json-comments/-/strip-json-comments-2.0.1.tgz",
      "integrity": "sha1-PFMZQukIwml8DsNEhYwobHygpgo=",
      "dev": true
    },
    "symbol-observable": {
      "version": "1.0.4",
      "resolved": "https://registry.npmjs.org/symbol-observable/-/symbol-observable-1.0.4.tgz",
      "integrity": "sha1-Kb9hXUqnEhvdiYsi1LP5vE4qoD0="
    },
    "table": {
      "version": "3.8.3",
      "resolved": "https://registry.npmjs.org/table/-/table-3.8.3.tgz",
      "integrity": "sha1-K7xULw/amGGnVdOUf+/Ys/UThV8=",
      "dev": true,
      "requires": {
        "ajv": "^4.7.0",
        "ajv-keywords": "^1.0.0",
        "chalk": "^1.1.1",
        "lodash": "^4.0.0",
        "slice-ansi": "0.0.4",
        "string-width": "^2.0.0"
      },
      "dependencies": {
        "ansi-regex": {
          "version": "3.0.0",
          "resolved": "https://registry.npmjs.org/ansi-regex/-/ansi-regex-3.0.0.tgz",
          "integrity": "sha1-7QMXwyIGT3lGbAKWa922Bas32Zg=",
          "dev": true
        },
        "is-fullwidth-code-point": {
          "version": "2.0.0",
          "resolved": "https://registry.npmjs.org/is-fullwidth-code-point/-/is-fullwidth-code-point-2.0.0.tgz",
          "integrity": "sha1-o7MKXE8ZkYMWeqq5O+764937ZU8=",
          "dev": true
        },
        "string-width": {
          "version": "2.1.1",
          "resolved": "https://registry.npmjs.org/string-width/-/string-width-2.1.1.tgz",
          "integrity": "sha512-nOqH59deCq9SRHlxq1Aw85Jnt4w6KvLKqWVik6oA9ZklXLNIOlqg4F2yrT1MVaTjAqvVwdfeZ7w7aCvJD7ugkw==",
          "dev": true,
          "requires": {
            "is-fullwidth-code-point": "^2.0.0",
            "strip-ansi": "^4.0.0"
          }
        },
        "strip-ansi": {
          "version": "4.0.0",
          "resolved": "https://registry.npmjs.org/strip-ansi/-/strip-ansi-4.0.0.tgz",
          "integrity": "sha1-qEeQIusaw2iocTibY1JixQXuNo8=",
          "dev": true,
          "requires": {
            "ansi-regex": "^3.0.0"
          }
        }
      }
    },
    "text-table": {
      "version": "0.2.0",
      "resolved": "https://registry.npmjs.org/text-table/-/text-table-0.2.0.tgz",
      "integrity": "sha1-f17oI66AUgfACvLfSoTsP8+lcLQ=",
      "dev": true
    },
    "through": {
      "version": "2.3.8",
      "resolved": "https://registry.npmjs.org/through/-/through-2.3.8.tgz",
      "integrity": "sha1-DdTJ/6q8NXlgsbckEV1+Doai4fU=",
      "dev": true
    },
    "uglify-js": {
      "version": "3.0.18",
      "resolved": "https://registry.npmjs.org/uglify-js/-/uglify-js-3.0.18.tgz",
      "integrity": "sha512-0M/KeXO8bPYtlqnwIYpO4R6om1mrScMzPuWn2UPfUYOaowIhQmmFpL9Q5tlD18ulKLRKD12GQ0IiYDKJS/si1w==",
      "dev": true,
      "requires": {
        "commander": "~2.9.0",
        "source-map": "~0.5.1"
      }
    },
    "user-home": {
      "version": "2.0.0",
      "resolved": "https://registry.npmjs.org/user-home/-/user-home-2.0.0.tgz",
      "integrity": "sha1-nHC/2Babwdy/SGBODwS4tJzenp8=",
      "dev": true
    },
    "watchify": {
      "version": "3.9.0",
      "resolved": "https://registry.npmjs.org/watchify/-/watchify-3.9.0.tgz",
      "integrity": "sha1-8HX9LoqGrN6Eztum5cKgvt1SPZ4=",
      "dev": true
    },
    "web-animations-js": {
      "version": "2.2.5",
      "resolved": "https://registry.npmjs.org/web-animations-js/-/web-animations-js-2.2.5.tgz",
      "integrity": "sha1-JsobNME0czKggT+LK/5pZk76gKo="
    },
    "y-component": {
      "version": "6.1.0",
      "resolved": "https://registry.npmjs.org/y-component/-/y-component-6.1.0.tgz",
      "integrity": "sha1-IY79d34eaCVJdQpV0Eus1JtPGok="
    },
    "y-drawer": {
      "version": "6.1.1",
      "resolved": "https://registry.npmjs.org/y-drawer/-/y-drawer-6.1.1.tgz",
      "integrity": "sha1-UTyPW3Rr9LEGBGw2sA6zz0xD8kM="
    },
    "y-push-state": {
      "version": "6.3.0",
      "resolved": "https://registry.npmjs.org/y-push-state/-/y-push-state-6.3.0.tgz",
      "integrity": "sha512-WPv0zBScwDO/75FExozoPePd3cCeqWtJHmaCFv4ab3WJq6kGtB1cxFnc2Z2jpePju+xQ7vaQSJQFq2TY5CuC+w==",
      "requires": {
        "rxjs": "5.3.1",
        "y-component": "6.1.0"
      },
      "dependencies": {
        "rxjs": {
          "version": "5.3.1",
          "resolved": "https://registry.npmjs.org/rxjs/-/rxjs-5.3.1.tgz",
          "integrity": "sha1-nsyeciJH5PRJDTCoeFd6N0D9DLc=",
          "requires": {
            "symbol-observable": "^1.0.1"
          }
        }
      }
    }
  }
}
